// !$*UTF8*$!
{
	archiveVersion = 1;
	classes = {
	};
	objectVersion = 46;
	objects = {

/* Begin PBXBuildFile section */
		241FF22E7E6F1EB777AC252D /* Pods_coolAnimation.framework in Frameworks */ = {isa = PBXBuildFile; fileRef = CE11D6F2874164034F8954D7 /* Pods_coolAnimation.framework */; };
		E50895B323F74CA800E03D88 /* UIViews.swift in Sources */ = {isa = PBXBuildFile; fileRef = E50895B223F74CA800E03D88 /* UIViews.swift */; };
		E50895B523F8719F00E03D88 /* Errors.swift in Sources */ = {isa = PBXBuildFile; fileRef = E50895B423F8719F00E03D88 /* Errors.swift */; };
		E50EAC2A2015C325005631D0 /* ChangeUserDataCtr.swift in Sources */ = {isa = PBXBuildFile; fileRef = E50EAC292015C325005631D0 /* ChangeUserDataCtr.swift */; };
		E52220701F177E770077CE92 /* Messages.swift in Sources */ = {isa = PBXBuildFile; fileRef = E522206F1F177E770077CE92 /* Messages.swift */; };
		E52DD28E1F876E4E00B9905A /* ProductPresentCtr.swift in Sources */ = {isa = PBXBuildFile; fileRef = E52DD28D1F876E4E00B9905A /* ProductPresentCtr.swift */; };
		E533E32D1F3DD5A60079DBE3 /* coolAnimation.xcdatamodeld in Sources */ = {isa = PBXBuildFile; fileRef = E533E32B1F3DD5A60079DBE3 /* coolAnimation.xcdatamodeld */; };
		E53632241F1591A7001E3253 /* ChatPageCtr.swift in Sources */ = {isa = PBXBuildFile; fileRef = E53632231F1591A7001E3253 /* ChatPageCtr.swift */; };
		E536C5C81F13A67A002E4C3F /* RequestUsernameCtr.swift in Sources */ = {isa = PBXBuildFile; fileRef = E536C5C71F13A67A002E4C3F /* RequestUsernameCtr.swift */; };
		E55A8D3F1F162933008C7375 /* CacheImage.swift in Sources */ = {isa = PBXBuildFile; fileRef = E55A8D3E1F162933008C7375 /* CacheImage.swift */; };
		E55A8D411F163006008C7375 /* SearchContactsCtr.swift in Sources */ = {isa = PBXBuildFile; fileRef = E55A8D401F163006008C7375 /* SearchContactsCtr.swift */; };
		E55C9EBE1F1CFD72005A09F7 /* MessageCollCell.swift in Sources */ = {isa = PBXBuildFile; fileRef = E55C9EBD1F1CFD72005A09F7 /* MessageCollCell.swift */; };
		E561E88B1F06637C00ECC0C5 /* GoogleService-Info.plist in Resources */ = {isa = PBXBuildFile; fileRef = E561E88A1F06637C00ECC0C5 /* GoogleService-Info.plist */; };
		E561E88D1F06855100ECC0C5 /* UserProfileCtr.swift in Sources */ = {isa = PBXBuildFile; fileRef = E561E88C1F06855100ECC0C5 /* UserProfileCtr.swift */; };
		E575D1FC20220C78006C38F3 /* facebookFriendsPage.swift in Sources */ = {isa = PBXBuildFile; fileRef = E575D1FB20220C78006C38F3 /* facebookFriendsPage.swift */; };
		E57BD1F71F065C8400549B5D /* SignUpEmailCtr.swift in Sources */ = {isa = PBXBuildFile; fileRef = E57BD1F61F065C8400549B5D /* SignUpEmailCtr.swift */; };
		E57BD1F91F065FC600549B5D /* Assets.xcassets in Resources */ = {isa = PBXBuildFile; fileRef = E57BD1F81F065FC600549B5D /* Assets.xcassets */; };
		E581243320178006000B47E2 /* ChooseWhichRegisterCtr.swift in Sources */ = {isa = PBXBuildFile; fileRef = E581243220178006000B47E2 /* ChooseWhichRegisterCtr.swift */; };
		E58528A023FA8A9400E80300 /* FirebaseUser.swift in Sources */ = {isa = PBXBuildFile; fileRef = E585289F23FA8A9400E80300 /* FirebaseUser.swift */; };
		E58528A223FA8C3F00E80300 /* DownloadImage.swift in Sources */ = {isa = PBXBuildFile; fileRef = E58528A123FA8C3F00E80300 /* DownloadImage.swift */; };
		E58528A423FA931000E80300 /* GoogleSIgnUp.swift in Sources */ = {isa = PBXBuildFile; fileRef = E58528A323FA931000E80300 /* GoogleSIgnUp.swift */; };
		E58528A723FAAB5E00E80300 /* ViewControllers.swift in Sources */ = {isa = PBXBuildFile; fileRef = E58528A623FAAB5E00E80300 /* ViewControllers.swift */; };
		E58528A923FAB22100E80300 /* CountrySelector.swift in Sources */ = {isa = PBXBuildFile; fileRef = E58528A823FAB22100E80300 /* CountrySelector.swift */; };
		E58528AB23FAB28100E80300 /* countries.json in Resources */ = {isa = PBXBuildFile; fileRef = E58528AA23FAB28100E80300 /* countries.json */; };
		E58528AD23FAB4C600E80300 /* ReadJSON.swift in Sources */ = {isa = PBXBuildFile; fileRef = E58528AC23FAB4C600E80300 /* ReadJSON.swift */; };
		E592A50023F2F8AE00311D4F /* IntroductionPage.swift in Sources */ = {isa = PBXBuildFile; fileRef = E592A4FF23F2F8AE00311D4F /* IntroductionPage.swift */; };
		E592A50323F2FA7700311D4F /* ChooseWhichRegister.swift in Sources */ = {isa = PBXBuildFile; fileRef = E592A50223F2FA7700311D4F /* ChooseWhichRegister.swift */; };
		E592A50523F2FB5D00311D4F /* LogInEmail.swift in Sources */ = {isa = PBXBuildFile; fileRef = E592A50423F2FB5D00311D4F /* LogInEmail.swift */; };
		E592A50723F2FC2400311D4F /* SignUpEmail.swift in Sources */ = {isa = PBXBuildFile; fileRef = E592A50623F2FC2400311D4F /* SignUpEmail.swift */; };
		E592A50D23F3025300311D4F /* ChatPageInfo.swift in Sources */ = {isa = PBXBuildFile; fileRef = E592A50C23F3025300311D4F /* ChatPageInfo.swift */; };
		E592A51023F36B2000311D4F /* SearchContacts.swift in Sources */ = {isa = PBXBuildFile; fileRef = E592A50F23F36B2000311D4F /* SearchContacts.swift */; };
		E592A51423F36D8D00311D4F /* ProductSubmit.swift in Sources */ = {isa = PBXBuildFile; fileRef = E592A51323F36D8D00311D4F /* ProductSubmit.swift */; };
		E592A51723F36F3400311D4F /* ImagePickerCollView.swift in Sources */ = {isa = PBXBuildFile; fileRef = E592A51623F36F3400311D4F /* ImagePickerCollView.swift */; };
		E594D1781F01324100A88B9F /* AppDelegate.swift in Sources */ = {isa = PBXBuildFile; fileRef = E594D1771F01324100A88B9F /* AppDelegate.swift */; };
		E594D17A1F01324100A88B9F /* TinderCtr.swift in Sources */ = {isa = PBXBuildFile; fileRef = E594D1791F01324100A88B9F /* TinderCtr.swift */; };
		E594D17D1F01324100A88B9F /* Main.storyboard in Resources */ = {isa = PBXBuildFile; fileRef = E594D17B1F01324100A88B9F /* Main.storyboard */; };
		E594D1851F01324100A88B9F /* LaunchScreen.storyboard in Resources */ = {isa = PBXBuildFile; fileRef = E594D1831F01324100A88B9F /* LaunchScreen.storyboard */; };
		E594D1901F01324100A88B9F /* coolAnimationTests.swift in Sources */ = {isa = PBXBuildFile; fileRef = E594D18F1F01324100A88B9F /* coolAnimationTests.swift */; };
		E594D19B1F01324100A88B9F /* coolAnimationUITests.swift in Sources */ = {isa = PBXBuildFile; fileRef = E594D19A1F01324100A88B9F /* coolAnimationUITests.swift */; };
		E594D1A91F01342A00A88B9F /* PersonCollCell.swift in Sources */ = {isa = PBXBuildFile; fileRef = E594D1A81F01342A00A88B9F /* PersonCollCell.swift */; };
		E594D1AB1F01472A00A88B9F /* CreateProductCtr.swift in Sources */ = {isa = PBXBuildFile; fileRef = E594D1AA1F01472A00A88B9F /* CreateProductCtr.swift */; };
		E594D1AD1F01483500A88B9F /* ExpandAnimation.swift in Sources */ = {isa = PBXBuildFile; fileRef = E594D1AC1F01483500A88B9F /* ExpandAnimation.swift */; };
		E59D0D511F82D6CF003FE730 /* ProductSubmitCtr.swift in Sources */ = {isa = PBXBuildFile; fileRef = E59D0D501F82D6CF003FE730 /* ProductSubmitCtr.swift */; };
		E5A214271F86048F00675C6E /* LocationCtr.swift in Sources */ = {isa = PBXBuildFile; fileRef = E5A214261F86048F00675C6E /* LocationCtr.swift */; };
		E5A214291F86DA2A00675C6E /* Product.swift in Sources */ = {isa = PBXBuildFile; fileRef = E5A214281F86DA2900675C6E /* Product.swift */; };
		E5A58C1F1F165730000F9C8F /* Reachability.swift in Sources */ = {isa = PBXBuildFile; fileRef = E5A58C1E1F165730000F9C8F /* Reachability.swift */; };
		E5AF6FF6201A3ED300A7D013 /* NotificationCenter.framework in Frameworks */ = {isa = PBXBuildFile; fileRef = E5E555E71F3F4E1B00600B74 /* NotificationCenter.framework */; };
		E5AF6FF9201A3ED300A7D013 /* TodayViewController.swift in Sources */ = {isa = PBXBuildFile; fileRef = E5AF6FF8201A3ED300A7D013 /* TodayViewController.swift */; };
		E5AF6FFC201A3ED300A7D013 /* MainInterface.storyboard in Resources */ = {isa = PBXBuildFile; fileRef = E5AF6FFA201A3ED300A7D013 /* MainInterface.storyboard */; };
		E5AF7000201A3ED300A7D013 /* coolAniWidget.appex in Embed App Extensions */ = {isa = PBXBuildFile; fileRef = E5AF6FF5201A3ED300A7D013 /* coolAniWidget.appex */; settings = {ATTRIBUTES = (RemoveHeadersOnCopy, ); }; };
		E5B284EF201125E10081EC18 /* TwitterKit.framework in Frameworks */ = {isa = PBXBuildFile; fileRef = E5B284EB201125E00081EC18 /* TwitterKit.framework */; };
		E5B284F0201125E10081EC18 /* TwitterKitResources.bundle in Resources */ = {isa = PBXBuildFile; fileRef = E5B284EC201125E00081EC18 /* TwitterKitResources.bundle */; };
		E5B284F1201125E10081EC18 /* TwitterCore.framework in Frameworks */ = {isa = PBXBuildFile; fileRef = E5B284ED201125E10081EC18 /* TwitterCore.framework */; };
		E5B284F2201125E10081EC18 /* TwitterShareExtensionUIResources.bundle in Resources */ = {isa = PBXBuildFile; fileRef = E5B284EE201125E10081EC18 /* TwitterShareExtensionUIResources.bundle */; };
		E5B5CF7C20122365003603AB /* ChatPageInfoCtr.swift in Sources */ = {isa = PBXBuildFile; fileRef = E5B5CF7B20122365003603AB /* ChatPageInfoCtr.swift */; };
		E5B7B53F1F138D4400DA6BE1 /* User.swift in Sources */ = {isa = PBXBuildFile; fileRef = E5B7B53E1F138D4400DA6BE1 /* User.swift */; };
		E5BCA20B201133CF0068C122 /* IntroductionPageCtr.swift in Sources */ = {isa = PBXBuildFile; fileRef = E5BCA20A201133CE0068C122 /* IntroductionPageCtr.swift */; };
		E5C3F7161F070225006FEB7F /* MainTab.swift in Sources */ = {isa = PBXBuildFile; fileRef = E5C3F7151F070225006FEB7F /* MainTab.swift */; };
		E5CEE0601F34A55D0067C7A2 /* LogInEmailCtr.swift in Sources */ = {isa = PBXBuildFile; fileRef = E5CEE05F1F34A55D0067C7A2 /* LogInEmailCtr.swift */; };
		E5D77D4823F4688000554A9A /* ProductCollCell.swift in Sources */ = {isa = PBXBuildFile; fileRef = E5D77D4723F4688000554A9A /* ProductCollCell.swift */; };
		E5DADEC51F8A624F00ECAE28 /* MyFavProductCtr.swift in Sources */ = {isa = PBXBuildFile; fileRef = E5DADEC41F8A624F00ECAE28 /* MyFavProductCtr.swift */; };
		E5DAF6011F894CEA00A66486 /* MyFavouritProductsCtr.swift in Sources */ = {isa = PBXBuildFile; fileRef = E5DAF6001F894CEA00A66486 /* MyFavouritProductsCtr.swift */; };
		E5DAF6031F89504F00A66486 /* pageTableCell.swift in Sources */ = {isa = PBXBuildFile; fileRef = E5DAF6021F89504E00A66486 /* pageTableCell.swift */; };
		E5DD0682201A96D90022208D /* BlockedCtr.swift in Sources */ = {isa = PBXBuildFile; fileRef = E5DD0681201A96D90022208D /* BlockedCtr.swift */; };
/* End PBXBuildFile section */

/* Begin PBXContainerItemProxy section */
		E594D18C1F01324100A88B9F /* PBXContainerItemProxy */ = {
			isa = PBXContainerItemProxy;
			containerPortal = E594D16C1F01324100A88B9F /* Project object */;
			proxyType = 1;
			remoteGlobalIDString = E594D1731F01324100A88B9F;
			remoteInfo = coolAnimation;
		};
		E594D1971F01324100A88B9F /* PBXContainerItemProxy */ = {
			isa = PBXContainerItemProxy;
			containerPortal = E594D16C1F01324100A88B9F /* Project object */;
			proxyType = 1;
			remoteGlobalIDString = E594D1731F01324100A88B9F;
			remoteInfo = coolAnimation;
		};
		E5AF6FFE201A3ED300A7D013 /* PBXContainerItemProxy */ = {
			isa = PBXContainerItemProxy;
			containerPortal = E594D16C1F01324100A88B9F /* Project object */;
			proxyType = 1;
			remoteGlobalIDString = E5AF6FF4201A3ED300A7D013;
			remoteInfo = coolAniWidget;
		};
/* End PBXContainerItemProxy section */

/* Begin PBXCopyFilesBuildPhase section */
		E5E555F61F3F4E1B00600B74 /* Embed App Extensions */ = {
			isa = PBXCopyFilesBuildPhase;
			buildActionMask = 8;
			dstPath = "";
			dstSubfolderSpec = 13;
			files = (
				E5AF7000201A3ED300A7D013 /* coolAniWidget.appex in Embed App Extensions */,
			);
			name = "Embed App Extensions";
			runOnlyForDeploymentPostprocessing = 1;
		};
/* End PBXCopyFilesBuildPhase section */

/* Begin PBXFileReference section */
		0746F154AF9103591D9F1228 /* Pods-WidgetApp.debug.xcconfig */ = {isa = PBXFileReference; includeInIndex = 1; lastKnownFileType = text.xcconfig; name = "Pods-WidgetApp.debug.xcconfig"; path = "Pods/Target Support Files/Pods-WidgetApp/Pods-WidgetApp.debug.xcconfig"; sourceTree = "<group>"; };
		4FD0A024D5DA95EE49DB726E /* libPods-WidgetApp.a */ = {isa = PBXFileReference; explicitFileType = archive.ar; includeInIndex = 0; path = "libPods-WidgetApp.a"; sourceTree = BUILT_PRODUCTS_DIR; };
		70F12307EBE8D5E825B357E2 /* Pods-coolAnimation.release.xcconfig */ = {isa = PBXFileReference; includeInIndex = 1; lastKnownFileType = text.xcconfig; name = "Pods-coolAnimation.release.xcconfig"; path = "Pods/Target Support Files/Pods-coolAnimation/Pods-coolAnimation.release.xcconfig"; sourceTree = "<group>"; };
		C0A49FD8815A480EB9F89CB7 /* Pods-coolAnimation.debug.xcconfig */ = {isa = PBXFileReference; includeInIndex = 1; lastKnownFileType = text.xcconfig; name = "Pods-coolAnimation.debug.xcconfig"; path = "Pods/Target Support Files/Pods-coolAnimation/Pods-coolAnimation.debug.xcconfig"; sourceTree = "<group>"; };
		CE11D6F2874164034F8954D7 /* Pods_coolAnimation.framework */ = {isa = PBXFileReference; explicitFileType = wrapper.framework; includeInIndex = 0; path = Pods_coolAnimation.framework; sourceTree = BUILT_PRODUCTS_DIR; };
		CFE2CBC71032BCB03B39F913 /* Pods-WidgetApp.release.xcconfig */ = {isa = PBXFileReference; includeInIndex = 1; lastKnownFileType = text.xcconfig; name = "Pods-WidgetApp.release.xcconfig"; path = "Pods/Target Support Files/Pods-WidgetApp/Pods-WidgetApp.release.xcconfig"; sourceTree = "<group>"; };
		E50895B223F74CA800E03D88 /* UIViews.swift */ = {isa = PBXFileReference; lastKnownFileType = sourcecode.swift; path = UIViews.swift; sourceTree = "<group>"; };
		E50895B423F8719F00E03D88 /* Errors.swift */ = {isa = PBXFileReference; lastKnownFileType = sourcecode.swift; path = Errors.swift; sourceTree = "<group>"; };
		E50EAC282013A5A9005631D0 /* bestApp.entitlements */ = {isa = PBXFileReference; lastKnownFileType = text.plist.entitlements; path = bestApp.entitlements; sourceTree = "<group>"; };
		E50EAC292015C325005631D0 /* ChangeUserDataCtr.swift */ = {isa = PBXFileReference; lastKnownFileType = sourcecode.swift; path = ChangeUserDataCtr.swift; sourceTree = "<group>"; };
		E522206F1F177E770077CE92 /* Messages.swift */ = {isa = PBXFileReference; fileEncoding = 4; lastKnownFileType = sourcecode.swift; path = Messages.swift; sourceTree = "<group>"; };
		E52DD28D1F876E4E00B9905A /* ProductPresentCtr.swift */ = {isa = PBXFileReference; lastKnownFileType = sourcecode.swift; path = ProductPresentCtr.swift; sourceTree = "<group>"; };
		E533E32C1F3DD5A60079DBE3 /* coolAnimation.xcdatamodel */ = {isa = PBXFileReference; lastKnownFileType = wrapper.xcdatamodel; path = coolAnimation.xcdatamodel; sourceTree = "<group>"; };
		E53632231F1591A7001E3253 /* ChatPageCtr.swift */ = {isa = PBXFileReference; fileEncoding = 4; lastKnownFileType = sourcecode.swift; path = ChatPageCtr.swift; sourceTree = "<group>"; };
		E536C5C71F13A67A002E4C3F /* RequestUsernameCtr.swift */ = {isa = PBXFileReference; fileEncoding = 4; lastKnownFileType = sourcecode.swift; path = RequestUsernameCtr.swift; sourceTree = "<group>"; };
		E551BEB11F40355800CC5922 /* WidgetApp */ = {isa = PBXFileReference; lastKnownFileType = text; path = WidgetApp; sourceTree = SOURCE_ROOT; };
		E55A8D3E1F162933008C7375 /* CacheImage.swift */ = {isa = PBXFileReference; fileEncoding = 4; lastKnownFileType = sourcecode.swift; path = CacheImage.swift; sourceTree = "<group>"; };
		E55A8D401F163006008C7375 /* SearchContactsCtr.swift */ = {isa = PBXFileReference; fileEncoding = 4; lastKnownFileType = sourcecode.swift; path = SearchContactsCtr.swift; sourceTree = "<group>"; };
		E55C9EBD1F1CFD72005A09F7 /* MessageCollCell.swift */ = {isa = PBXFileReference; fileEncoding = 4; lastKnownFileType = sourcecode.swift; path = MessageCollCell.swift; sourceTree = "<group>"; };
		E561E88A1F06637C00ECC0C5 /* GoogleService-Info.plist */ = {isa = PBXFileReference; fileEncoding = 4; lastKnownFileType = text.plist.xml; path = "GoogleService-Info.plist"; sourceTree = "<group>"; };
		E561E88C1F06855100ECC0C5 /* UserProfileCtr.swift */ = {isa = PBXFileReference; fileEncoding = 4; lastKnownFileType = sourcecode.swift; path = UserProfileCtr.swift; sourceTree = "<group>"; };
		E575D1FB20220C78006C38F3 /* facebookFriendsPage.swift */ = {isa = PBXFileReference; lastKnownFileType = sourcecode.swift; path = facebookFriendsPage.swift; sourceTree = "<group>"; };
		E57BD1F61F065C8400549B5D /* SignUpEmailCtr.swift */ = {isa = PBXFileReference; fileEncoding = 4; lastKnownFileType = sourcecode.swift; path = SignUpEmailCtr.swift; sourceTree = "<group>"; };
		E57BD1F81F065FC600549B5D /* Assets.xcassets */ = {isa = PBXFileReference; lastKnownFileType = folder.assetcatalog; path = Assets.xcassets; sourceTree = "<group>"; };
		E581243220178006000B47E2 /* ChooseWhichRegisterCtr.swift */ = {isa = PBXFileReference; lastKnownFileType = sourcecode.swift; path = ChooseWhichRegisterCtr.swift; sourceTree = "<group>"; };
		E585289F23FA8A9400E80300 /* FirebaseUser.swift */ = {isa = PBXFileReference; lastKnownFileType = sourcecode.swift; path = FirebaseUser.swift; sourceTree = "<group>"; };
		E58528A123FA8C3F00E80300 /* DownloadImage.swift */ = {isa = PBXFileReference; lastKnownFileType = sourcecode.swift; path = DownloadImage.swift; sourceTree = "<group>"; };
		E58528A323FA931000E80300 /* GoogleSIgnUp.swift */ = {isa = PBXFileReference; lastKnownFileType = sourcecode.swift; path = GoogleSIgnUp.swift; sourceTree = "<group>"; };
		E58528A623FAAB5E00E80300 /* ViewControllers.swift */ = {isa = PBXFileReference; lastKnownFileType = sourcecode.swift; path = ViewControllers.swift; sourceTree = "<group>"; };
		E58528A823FAB22100E80300 /* CountrySelector.swift */ = {isa = PBXFileReference; lastKnownFileType = sourcecode.swift; path = CountrySelector.swift; sourceTree = "<group>"; };
		E58528AA23FAB28100E80300 /* countries.json */ = {isa = PBXFileReference; lastKnownFileType = text.json; path = countries.json; sourceTree = "<group>"; };
		E58528AC23FAB4C600E80300 /* ReadJSON.swift */ = {isa = PBXFileReference; lastKnownFileType = sourcecode.swift; path = ReadJSON.swift; sourceTree = "<group>"; };
		E592A4FF23F2F8AE00311D4F /* IntroductionPage.swift */ = {isa = PBXFileReference; lastKnownFileType = sourcecode.swift; path = IntroductionPage.swift; sourceTree = "<group>"; };
		E592A50223F2FA7700311D4F /* ChooseWhichRegister.swift */ = {isa = PBXFileReference; lastKnownFileType = sourcecode.swift; path = ChooseWhichRegister.swift; sourceTree = "<group>"; };
		E592A50423F2FB5D00311D4F /* LogInEmail.swift */ = {isa = PBXFileReference; lastKnownFileType = sourcecode.swift; path = LogInEmail.swift; sourceTree = "<group>"; };
		E592A50623F2FC2400311D4F /* SignUpEmail.swift */ = {isa = PBXFileReference; lastKnownFileType = sourcecode.swift; path = SignUpEmail.swift; sourceTree = "<group>"; };
		E592A50C23F3025300311D4F /* ChatPageInfo.swift */ = {isa = PBXFileReference; lastKnownFileType = sourcecode.swift; path = ChatPageInfo.swift; sourceTree = "<group>"; };
		E592A50F23F36B2000311D4F /* SearchContacts.swift */ = {isa = PBXFileReference; lastKnownFileType = sourcecode.swift; path = SearchContacts.swift; sourceTree = "<group>"; };
		E592A51323F36D8D00311D4F /* ProductSubmit.swift */ = {isa = PBXFileReference; lastKnownFileType = sourcecode.swift; path = ProductSubmit.swift; sourceTree = "<group>"; };
		E592A51623F36F3400311D4F /* ImagePickerCollView.swift */ = {isa = PBXFileReference; lastKnownFileType = sourcecode.swift; path = ImagePickerCollView.swift; sourceTree = "<group>"; };
		E594D1741F01324100A88B9F /* bestApp.app */ = {isa = PBXFileReference; explicitFileType = wrapper.application; includeInIndex = 0; path = bestApp.app; sourceTree = BUILT_PRODUCTS_DIR; };
		E594D1771F01324100A88B9F /* AppDelegate.swift */ = {isa = PBXFileReference; lastKnownFileType = sourcecode.swift; path = AppDelegate.swift; sourceTree = "<group>"; };
		E594D1791F01324100A88B9F /* TinderCtr.swift */ = {isa = PBXFileReference; lastKnownFileType = sourcecode.swift; path = TinderCtr.swift; sourceTree = "<group>"; };
		E594D17C1F01324100A88B9F /* Base */ = {isa = PBXFileReference; lastKnownFileType = file.storyboard; name = Base; path = Base.lproj/Main.storyboard; sourceTree = "<group>"; };
		E594D1841F01324100A88B9F /* Base */ = {isa = PBXFileReference; lastKnownFileType = file.storyboard; name = Base; path = Base.lproj/LaunchScreen.storyboard; sourceTree = "<group>"; };
		E594D18B1F01324100A88B9F /* coolAnimationTests.xctest */ = {isa = PBXFileReference; explicitFileType = wrapper.cfbundle; includeInIndex = 0; path = coolAnimationTests.xctest; sourceTree = BUILT_PRODUCTS_DIR; };
		E594D18F1F01324100A88B9F /* coolAnimationTests.swift */ = {isa = PBXFileReference; lastKnownFileType = sourcecode.swift; path = coolAnimationTests.swift; sourceTree = "<group>"; };
		E594D1911F01324100A88B9F /* Info.plist */ = {isa = PBXFileReference; lastKnownFileType = text.plist.xml; path = Info.plist; sourceTree = "<group>"; };
		E594D1961F01324100A88B9F /* coolAnimationUITests.xctest */ = {isa = PBXFileReference; explicitFileType = wrapper.cfbundle; includeInIndex = 0; path = coolAnimationUITests.xctest; sourceTree = BUILT_PRODUCTS_DIR; };
		E594D19A1F01324100A88B9F /* coolAnimationUITests.swift */ = {isa = PBXFileReference; lastKnownFileType = sourcecode.swift; path = coolAnimationUITests.swift; sourceTree = "<group>"; };
		E594D19C1F01324100A88B9F /* Info.plist */ = {isa = PBXFileReference; lastKnownFileType = text.plist.xml; path = Info.plist; sourceTree = "<group>"; };
		E594D1A81F01342A00A88B9F /* PersonCollCell.swift */ = {isa = PBXFileReference; fileEncoding = 4; lastKnownFileType = sourcecode.swift; path = PersonCollCell.swift; sourceTree = "<group>"; };
		E594D1AA1F01472A00A88B9F /* CreateProductCtr.swift */ = {isa = PBXFileReference; fileEncoding = 4; lastKnownFileType = sourcecode.swift; path = CreateProductCtr.swift; sourceTree = "<group>"; };
		E594D1AC1F01483500A88B9F /* ExpandAnimation.swift */ = {isa = PBXFileReference; fileEncoding = 4; lastKnownFileType = sourcecode.swift; path = ExpandAnimation.swift; sourceTree = "<group>"; };
		E59D0D501F82D6CF003FE730 /* ProductSubmitCtr.swift */ = {isa = PBXFileReference; lastKnownFileType = sourcecode.swift; path = ProductSubmitCtr.swift; sourceTree = "<group>"; };
		E5A214261F86048F00675C6E /* LocationCtr.swift */ = {isa = PBXFileReference; lastKnownFileType = sourcecode.swift; path = LocationCtr.swift; sourceTree = "<group>"; };
		E5A214281F86DA2900675C6E /* Product.swift */ = {isa = PBXFileReference; lastKnownFileType = sourcecode.swift; path = Product.swift; sourceTree = "<group>"; };
		E5A43B721F34B17300C905BE /* Twitter.framework */ = {isa = PBXFileReference; lastKnownFileType = wrapper.framework; name = Twitter.framework; path = System/Library/Frameworks/Twitter.framework; sourceTree = SDKROOT; };
		E5A58C1E1F165730000F9C8F /* Reachability.swift */ = {isa = PBXFileReference; fileEncoding = 4; lastKnownFileType = sourcecode.swift; path = Reachability.swift; sourceTree = "<group>"; };
		E5AF6FF5201A3ED300A7D013 /* coolAniWidget.appex */ = {isa = PBXFileReference; explicitFileType = "wrapper.app-extension"; includeInIndex = 0; path = coolAniWidget.appex; sourceTree = BUILT_PRODUCTS_DIR; };
		E5AF6FF8201A3ED300A7D013 /* TodayViewController.swift */ = {isa = PBXFileReference; lastKnownFileType = sourcecode.swift; path = TodayViewController.swift; sourceTree = "<group>"; };
		E5AF6FFB201A3ED300A7D013 /* Base */ = {isa = PBXFileReference; lastKnownFileType = file.storyboard; name = Base; path = Base.lproj/MainInterface.storyboard; sourceTree = "<group>"; };
		E5AF6FFD201A3ED300A7D013 /* Info.plist */ = {isa = PBXFileReference; lastKnownFileType = text.plist.xml; path = Info.plist; sourceTree = "<group>"; };
		E5B284EB201125E00081EC18 /* TwitterKit.framework */ = {isa = PBXFileReference; lastKnownFileType = wrapper.framework; path = TwitterKit.framework; sourceTree = "<group>"; };
		E5B284EC201125E00081EC18 /* TwitterKitResources.bundle */ = {isa = PBXFileReference; lastKnownFileType = "wrapper.plug-in"; path = TwitterKitResources.bundle; sourceTree = "<group>"; };
		E5B284ED201125E10081EC18 /* TwitterCore.framework */ = {isa = PBXFileReference; lastKnownFileType = wrapper.framework; path = TwitterCore.framework; sourceTree = "<group>"; };
		E5B284EE201125E10081EC18 /* TwitterShareExtensionUIResources.bundle */ = {isa = PBXFileReference; lastKnownFileType = "wrapper.plug-in"; path = TwitterShareExtensionUIResources.bundle; sourceTree = "<group>"; };
		E5B5CF7B20122365003603AB /* ChatPageInfoCtr.swift */ = {isa = PBXFileReference; lastKnownFileType = sourcecode.swift; path = ChatPageInfoCtr.swift; sourceTree = "<group>"; };
		E5B7B53E1F138D4400DA6BE1 /* User.swift */ = {isa = PBXFileReference; fileEncoding = 4; lastKnownFileType = sourcecode.swift; path = User.swift; sourceTree = "<group>"; };
		E5BCA20A201133CE0068C122 /* IntroductionPageCtr.swift */ = {isa = PBXFileReference; fileEncoding = 4; lastKnownFileType = sourcecode.swift; path = IntroductionPageCtr.swift; sourceTree = "<group>"; };
		E5BFFD0720124D6300945A23 /* Info.plist */ = {isa = PBXFileReference; fileEncoding = 4; lastKnownFileType = text.plist.xml; path = Info.plist; sourceTree = "<group>"; };
		E5C1DB371F34C2F6000DC2EB /* Header2.h */ = {isa = PBXFileReference; lastKnownFileType = sourcecode.c.h; path = Header2.h; sourceTree = "<group>"; };
		E5C3F7151F070225006FEB7F /* MainTab.swift */ = {isa = PBXFileReference; fileEncoding = 4; lastKnownFileType = sourcecode.swift; path = MainTab.swift; sourceTree = "<group>"; };
		E5CEE05F1F34A55D0067C7A2 /* LogInEmailCtr.swift */ = {isa = PBXFileReference; fileEncoding = 4; lastKnownFileType = sourcecode.swift; path = LogInEmailCtr.swift; sourceTree = "<group>"; };
		E5D77D4723F4688000554A9A /* ProductCollCell.swift */ = {isa = PBXFileReference; lastKnownFileType = sourcecode.swift; path = ProductCollCell.swift; sourceTree = "<group>"; };
		E5DADEC41F8A624F00ECAE28 /* MyFavProductCtr.swift */ = {isa = PBXFileReference; lastKnownFileType = sourcecode.swift; path = MyFavProductCtr.swift; sourceTree = "<group>"; };
		E5DAF6001F894CEA00A66486 /* MyFavouritProductsCtr.swift */ = {isa = PBXFileReference; lastKnownFileType = sourcecode.swift; path = MyFavouritProductsCtr.swift; sourceTree = "<group>"; };
		E5DAF6021F89504E00A66486 /* pageTableCell.swift */ = {isa = PBXFileReference; lastKnownFileType = sourcecode.swift; path = pageTableCell.swift; sourceTree = "<group>"; };
		E5DD0681201A96D90022208D /* BlockedCtr.swift */ = {isa = PBXFileReference; lastKnownFileType = sourcecode.swift; path = BlockedCtr.swift; sourceTree = "<group>"; };
		E5E555E71F3F4E1B00600B74 /* NotificationCenter.framework */ = {isa = PBXFileReference; lastKnownFileType = wrapper.framework; name = NotificationCenter.framework; path = System/Library/Frameworks/NotificationCenter.framework; sourceTree = SDKROOT; };
/* End PBXFileReference section */

/* Begin PBXFrameworksBuildPhase section */
		E594D1711F01324100A88B9F /* Frameworks */ = {
			isa = PBXFrameworksBuildPhase;
			buildActionMask = 2147483647;
			files = (
				E5B284F1201125E10081EC18 /* TwitterCore.framework in Frameworks */,
				E5B284EF201125E10081EC18 /* TwitterKit.framework in Frameworks */,
				241FF22E7E6F1EB777AC252D /* Pods_coolAnimation.framework in Frameworks */,
			);
			runOnlyForDeploymentPostprocessing = 0;
		};
		E594D1881F01324100A88B9F /* Frameworks */ = {
			isa = PBXFrameworksBuildPhase;
			buildActionMask = 2147483647;
			files = (
			);
			runOnlyForDeploymentPostprocessing = 0;
		};
		E594D1931F01324100A88B9F /* Frameworks */ = {
			isa = PBXFrameworksBuildPhase;
			buildActionMask = 2147483647;
			files = (
			);
			runOnlyForDeploymentPostprocessing = 0;
		};
		E5AF6FF2201A3ED300A7D013 /* Frameworks */ = {
			isa = PBXFrameworksBuildPhase;
			buildActionMask = 2147483647;
			files = (
				E5AF6FF6201A3ED300A7D013 /* NotificationCenter.framework in Frameworks */,
			);
			runOnlyForDeploymentPostprocessing = 0;
		};
/* End PBXFrameworksBuildPhase section */

/* Begin PBXGroup section */
		10C922EDB36674EC94B2552F /* Frameworks */ = {
			isa = PBXGroup;
			children = (
				E5A43B721F34B17300C905BE /* Twitter.framework */,
				E5E555E71F3F4E1B00600B74 /* NotificationCenter.framework */,
				4FD0A024D5DA95EE49DB726E /* libPods-WidgetApp.a */,
				CE11D6F2874164034F8954D7 /* Pods_coolAnimation.framework */,
			);
			name = Frameworks;
			sourceTree = "<group>";
		};
		E585289E23FA8A7F00E80300 /* Services */ = {
			isa = PBXGroup;
			children = (
				E585289F23FA8A9400E80300 /* FirebaseUser.swift */,
				E58528A123FA8C3F00E80300 /* DownloadImage.swift */,
				E58528A323FA931000E80300 /* GoogleSIgnUp.swift */,
				E58528AC23FAB4C600E80300 /* ReadJSON.swift */,
			);
			path = Services;
			sourceTree = "<group>";
		};
		E58528A523FAAABF00E80300 /* User */ = {
			isa = PBXGroup;
			children = (
				E561E88C1F06855100ECC0C5 /* UserProfileCtr.swift */,
				E5DD0681201A96D90022208D /* BlockedCtr.swift */,
				E50EAC292015C325005631D0 /* ChangeUserDataCtr.swift */,
			);
			path = User;
			sourceTree = "<group>";
		};
		E592A4FB23F2F60700311D4F /* Libraries */ = {
			isa = PBXGroup;
			children = (
			);
			path = Libraries;
			sourceTree = "<group>";
		};
		E592A4FC23F2F62A00311D4F /* ViewControllers */ = {
			isa = PBXGroup;
			children = (
				E58528A523FAAABF00E80300 /* User */,
				E592A50A23F3017200311D4F /* Chat */,
				E5C3F7151F070225006FEB7F /* MainTab.swift */,
				E5BCA20A201133CE0068C122 /* IntroductionPageCtr.swift */,
				E55A8D401F163006008C7375 /* SearchContactsCtr.swift */,
				E59D0D501F82D6CF003FE730 /* ProductSubmitCtr.swift */,
				E594D1791F01324100A88B9F /* TinderCtr.swift */,
				E5DAF6001F894CEA00A66486 /* MyFavouritProductsCtr.swift */,
				E52DD28D1F876E4E00B9905A /* ProductPresentCtr.swift */,
				E594D1AA1F01472A00A88B9F /* CreateProductCtr.swift */,
				E5DADEC41F8A624F00ECAE28 /* MyFavProductCtr.swift */,
				E5A214261F86048F00675C6E /* LocationCtr.swift */,
				E592A50823F2FD9F00311D4F /* Register */,
			);
			path = ViewControllers;
			sourceTree = "<group>";
		};
		E592A4FD23F2F81C00311D4F /* CustomViews */ = {
			isa = PBXGroup;
			children = (
				E592A51523F36F1100311D4F /* SubmitionForm */,
				E5DAF6021F89504E00A66486 /* pageTableCell.swift */,
				E592A50C23F3025300311D4F /* ChatPageInfo.swift */,
				E592A50F23F36B2000311D4F /* SearchContacts.swift */,
				E5D77D4723F4688000554A9A /* ProductCollCell.swift */,
				E594D1A81F01342A00A88B9F /* PersonCollCell.swift */,
				E55C9EBD1F1CFD72005A09F7 /* MessageCollCell.swift */,
			);
			path = CustomViews;
			sourceTree = "<group>";
		};
		E592A4FE23F2F82500311D4F /* Extensions */ = {
			isa = PBXGroup;
			children = (
				E594D1AC1F01483500A88B9F /* ExpandAnimation.swift */,
				E592A51223F36CDA00311D4F /* Functionality */,
				E592A51123F36C9700311D4F /* ExtViewControllers */,
				E50895B223F74CA800E03D88 /* UIViews.swift */,
				E50895B423F8719F00E03D88 /* Errors.swift */,
				E58528A623FAAB5E00E80300 /* ViewControllers.swift */,
			);
			path = Extensions;
			sourceTree = "<group>";
		};
		E592A50823F2FD9F00311D4F /* Register */ = {
			isa = PBXGroup;
			children = (
				E581243220178006000B47E2 /* ChooseWhichRegisterCtr.swift */,
				E5CEE05F1F34A55D0067C7A2 /* LogInEmailCtr.swift */,
				E57BD1F61F065C8400549B5D /* SignUpEmailCtr.swift */,
				E536C5C71F13A67A002E4C3F /* RequestUsernameCtr.swift */,
				E58528A823FAB22100E80300 /* CountrySelector.swift */,
			);
			path = Register;
			sourceTree = "<group>";
		};
		E592A50923F2FF9300311D4F /* Models */ = {
			isa = PBXGroup;
			children = (
				E5B7B53E1F138D4400DA6BE1 /* User.swift */,
				E522206F1F177E770077CE92 /* Messages.swift */,
				E5A214281F86DA2900675C6E /* Product.swift */,
			);
			path = Models;
			sourceTree = "<group>";
		};
		E592A50A23F3017200311D4F /* Chat */ = {
			isa = PBXGroup;
			children = (
				E53632231F1591A7001E3253 /* ChatPageCtr.swift */,
				E5B5CF7B20122365003603AB /* ChatPageInfoCtr.swift */,
			);
			path = Chat;
			sourceTree = "<group>";
		};
		E592A51123F36C9700311D4F /* ExtViewControllers */ = {
			isa = PBXGroup;
			children = (
				E592A4FF23F2F8AE00311D4F /* IntroductionPage.swift */,
				E592A50223F2FA7700311D4F /* ChooseWhichRegister.swift */,
				E592A50423F2FB5D00311D4F /* LogInEmail.swift */,
				E592A50623F2FC2400311D4F /* SignUpEmail.swift */,
				E592A51323F36D8D00311D4F /* ProductSubmit.swift */,
			);
			path = ExtViewControllers;
			sourceTree = "<group>";
		};
		E592A51223F36CDA00311D4F /* Functionality */ = {
			isa = PBXGroup;
			children = (
				E55A8D3E1F162933008C7375 /* CacheImage.swift */,
				E5A58C1E1F165730000F9C8F /* Reachability.swift */,
			);
			path = Functionality;
			sourceTree = "<group>";
		};
		E592A51523F36F1100311D4F /* SubmitionForm */ = {
			isa = PBXGroup;
			children = (
				E592A51623F36F3400311D4F /* ImagePickerCollView.swift */,
			);
			path = SubmitionForm;
			sourceTree = "<group>";
		};
		E594D16B1F01324100A88B9F = {
			isa = PBXGroup;
			children = (
				E594D1761F01324100A88B9F /* coolAnimation */,
				E594D18E1F01324100A88B9F /* coolAnimationTests */,
				E594D1991F01324100A88B9F /* coolAnimationUITests */,
				E5AF6FF7201A3ED300A7D013 /* coolAniWidget */,
				E594D1751F01324100A88B9F /* Products */,
				10C922EDB36674EC94B2552F /* Frameworks */,
				F5E9636D0B95105050D63DC1 /* Pods */,
			);
			sourceTree = "<group>";
		};
		E594D1751F01324100A88B9F /* Products */ = {
			isa = PBXGroup;
			children = (
				E594D1741F01324100A88B9F /* bestApp.app */,
				E594D18B1F01324100A88B9F /* coolAnimationTests.xctest */,
				E594D1961F01324100A88B9F /* coolAnimationUITests.xctest */,
				E5AF6FF5201A3ED300A7D013 /* coolAniWidget.appex */,
			);
			name = Products;
			sourceTree = "<group>";
		};
		E594D1761F01324100A88B9F /* coolAnimation */ = {
			isa = PBXGroup;
			children = (
				E594D1771F01324100A88B9F /* AppDelegate.swift */,
				E58528AA23FAB28100E80300 /* countries.json */,
				E585289E23FA8A7F00E80300 /* Services */,
				E592A50923F2FF9300311D4F /* Models */,
				E592A4FE23F2F82500311D4F /* Extensions */,
				E592A4FD23F2F81C00311D4F /* CustomViews */,
				E592A4FB23F2F60700311D4F /* Libraries */,
				E5B284ED201125E10081EC18 /* TwitterCore.framework */,
				E5B284EB201125E00081EC18 /* TwitterKit.framework */,
				E5B284EC201125E00081EC18 /* TwitterKitResources.bundle */,
				E5B284EE201125E10081EC18 /* TwitterShareExtensionUIResources.bundle */,
				E592A4FC23F2F62A00311D4F /* ViewControllers */,
				E50EAC282013A5A9005631D0 /* bestApp.entitlements */,
				E575D1FB20220C78006C38F3 /* facebookFriendsPage.swift */,
				E533E32B1F3DD5A60079DBE3 /* coolAnimation.xcdatamodeld */,
				E57BD1F81F065FC600549B5D /* Assets.xcassets */,
				E5BFFD0720124D6300945A23 /* Info.plist */,
				E594D17B1F01324100A88B9F /* Main.storyboard */,
				E594D1831F01324100A88B9F /* LaunchScreen.storyboard */,
				E561E88A1F06637C00ECC0C5 /* GoogleService-Info.plist */,
				E5C1DB371F34C2F6000DC2EB /* Header2.h */,
			);
			path = coolAnimation;
			sourceTree = "<group>";
		};
		E594D18E1F01324100A88B9F /* coolAnimationTests */ = {
			isa = PBXGroup;
			children = (
				E594D18F1F01324100A88B9F /* coolAnimationTests.swift */,
				E594D1911F01324100A88B9F /* Info.plist */,
			);
			path = coolAnimationTests;
			sourceTree = "<group>";
		};
		E594D1991F01324100A88B9F /* coolAnimationUITests */ = {
			isa = PBXGroup;
			children = (
				E551BEB11F40355800CC5922 /* WidgetApp */,
				E594D19A1F01324100A88B9F /* coolAnimationUITests.swift */,
				E594D19C1F01324100A88B9F /* Info.plist */,
			);
			path = coolAnimationUITests;
			sourceTree = "<group>";
		};
		E5AF6FF7201A3ED300A7D013 /* coolAniWidget */ = {
			isa = PBXGroup;
			children = (
				E5AF6FF8201A3ED300A7D013 /* TodayViewController.swift */,
				E5AF6FFA201A3ED300A7D013 /* MainInterface.storyboard */,
				E5AF6FFD201A3ED300A7D013 /* Info.plist */,
			);
			path = coolAniWidget;
			sourceTree = "<group>";
		};
		F5E9636D0B95105050D63DC1 /* Pods */ = {
			isa = PBXGroup;
			children = (
				0746F154AF9103591D9F1228 /* Pods-WidgetApp.debug.xcconfig */,
				CFE2CBC71032BCB03B39F913 /* Pods-WidgetApp.release.xcconfig */,
				C0A49FD8815A480EB9F89CB7 /* Pods-coolAnimation.debug.xcconfig */,
				70F12307EBE8D5E825B357E2 /* Pods-coolAnimation.release.xcconfig */,
			);
			name = Pods;
			sourceTree = "<group>";
		};
/* End PBXGroup section */

/* Begin PBXHeadersBuildPhase section */
		E5CA79661F34AB16006F1C72 /* Headers */ = {
			isa = PBXHeadersBuildPhase;
			buildActionMask = 2147483647;
			files = (
			);
			runOnlyForDeploymentPostprocessing = 0;
		};
/* End PBXHeadersBuildPhase section */

/* Begin PBXNativeTarget section */
		E594D1731F01324100A88B9F /* coolAnimation */ = {
			isa = PBXNativeTarget;
			buildConfigurationList = E594D19F1F01324100A88B9F /* Build configuration list for PBXNativeTarget "coolAnimation" */;
			buildPhases = (
				79F9F15E69BE4F5EC13CBA34 /* [CP] Check Pods Manifest.lock */,
				E594D1701F01324100A88B9F /* Sources */,
				E594D1711F01324100A88B9F /* Frameworks */,
				E594D1721F01324100A88B9F /* Resources */,
				E53259E51F13FAA9008BE35D /* ShellScript */,
				E5CA79661F34AB16006F1C72 /* Headers */,
				E5E555F61F3F4E1B00600B74 /* Embed App Extensions */,
				58DF94545792E6AE851C0DA2 /* [CP] Embed Pods Frameworks */,
				84FF5D2A0DE561D99E52650D /* [CP] Copy Pods Resources */,
			);
			buildRules = (
			);
			dependencies = (
				E5AF6FFF201A3ED300A7D013 /* PBXTargetDependency */,
			);
			name = coolAnimation;
			productName = coolAnimation;
			productReference = E594D1741F01324100A88B9F /* bestApp.app */;
			productType = "com.apple.product-type.application";
		};
		E594D18A1F01324100A88B9F /* coolAnimationTests */ = {
			isa = PBXNativeTarget;
			buildConfigurationList = E594D1A21F01324100A88B9F /* Build configuration list for PBXNativeTarget "coolAnimationTests" */;
			buildPhases = (
				E594D1871F01324100A88B9F /* Sources */,
				E594D1881F01324100A88B9F /* Frameworks */,
				E594D1891F01324100A88B9F /* Resources */,
			);
			buildRules = (
			);
			dependencies = (
				E594D18D1F01324100A88B9F /* PBXTargetDependency */,
			);
			name = coolAnimationTests;
			productName = coolAnimationTests;
			productReference = E594D18B1F01324100A88B9F /* coolAnimationTests.xctest */;
			productType = "com.apple.product-type.bundle.unit-test";
		};
		E594D1951F01324100A88B9F /* coolAnimationUITests */ = {
			isa = PBXNativeTarget;
			buildConfigurationList = E594D1A51F01324100A88B9F /* Build configuration list for PBXNativeTarget "coolAnimationUITests" */;
			buildPhases = (
				E594D1921F01324100A88B9F /* Sources */,
				E594D1931F01324100A88B9F /* Frameworks */,
				E594D1941F01324100A88B9F /* Resources */,
			);
			buildRules = (
			);
			dependencies = (
				E594D1981F01324100A88B9F /* PBXTargetDependency */,
			);
			name = coolAnimationUITests;
			productName = coolAnimationUITests;
			productReference = E594D1961F01324100A88B9F /* coolAnimationUITests.xctest */;
			productType = "com.apple.product-type.bundle.ui-testing";
		};
		E5AF6FF4201A3ED300A7D013 /* coolAniWidget */ = {
			isa = PBXNativeTarget;
			buildConfigurationList = E5AF7001201A3ED300A7D013 /* Build configuration list for PBXNativeTarget "coolAniWidget" */;
			buildPhases = (
				E5AF6FF1201A3ED300A7D013 /* Sources */,
				E5AF6FF2201A3ED300A7D013 /* Frameworks */,
				E5AF6FF3201A3ED300A7D013 /* Resources */,
			);
			buildRules = (
			);
			dependencies = (
			);
			name = coolAniWidget;
			productName = coolAniWidget;
			productReference = E5AF6FF5201A3ED300A7D013 /* coolAniWidget.appex */;
			productType = "com.apple.product-type.app-extension";
		};
/* End PBXNativeTarget section */

/* Begin PBXProject section */
		E594D16C1F01324100A88B9F /* Project object */ = {
			isa = PBXProject;
			attributes = {
				LastSwiftUpdateCheck = 0920;
				LastUpgradeCheck = 0920;
				ORGANIZATIONNAME = Andrew;
				TargetAttributes = {
					E594D1731F01324100A88B9F = {
						CreatedOnToolsVersion = 8.3.3;
						DevelopmentTeam = KT8F743HP3;
						LastSwiftMigration = 0900;
						ProvisioningStyle = Automatic;
						SystemCapabilities = {
							com.apple.ApplicationGroups.iOS = {
								enabled = 1;
							};
							com.apple.BackgroundModes = {
								enabled = 1;
							};
							com.apple.Keychain = {
								enabled = 1;
							};
						};
					};
					E594D18A1F01324100A88B9F = {
						CreatedOnToolsVersion = 8.3.3;
						DevelopmentTeam = WF8TUJV66R;
						LastSwiftMigration = 0900;
						ProvisioningStyle = Automatic;
						TestTargetID = E594D1731F01324100A88B9F;
					};
					E594D1951F01324100A88B9F = {
						CreatedOnToolsVersion = 8.3.3;
						DevelopmentTeam = WF8TUJV66R;
						LastSwiftMigration = 0900;
						ProvisioningStyle = Automatic;
						TestTargetID = E594D1731F01324100A88B9F;
					};
					E5AF6FF4201A3ED300A7D013 = {
						CreatedOnToolsVersion = 9.2;
						DevelopmentTeam = WF8TUJV66R;
						ProvisioningStyle = Automatic;
					};
				};
			};
			buildConfigurationList = E594D16F1F01324100A88B9F /* Build configuration list for PBXProject "coolAnimation" */;
			compatibilityVersion = "Xcode 3.2";
			developmentRegion = English;
			hasScannedForEncodings = 0;
			knownRegions = (
				English,
				en,
				Base,
			);
			mainGroup = E594D16B1F01324100A88B9F;
			productRefGroup = E594D1751F01324100A88B9F /* Products */;
			projectDirPath = "";
			projectRoot = "";
			targets = (
				E594D1731F01324100A88B9F /* coolAnimation */,
				E594D18A1F01324100A88B9F /* coolAnimationTests */,
				E594D1951F01324100A88B9F /* coolAnimationUITests */,
				E5AF6FF4201A3ED300A7D013 /* coolAniWidget */,
			);
		};
/* End PBXProject section */

/* Begin PBXResourcesBuildPhase section */
		E594D1721F01324100A88B9F /* Resources */ = {
			isa = PBXResourcesBuildPhase;
			buildActionMask = 2147483647;
			files = (
				E594D1851F01324100A88B9F /* LaunchScreen.storyboard in Resources */,
				E561E88B1F06637C00ECC0C5 /* GoogleService-Info.plist in Resources */,
				E57BD1F91F065FC600549B5D /* Assets.xcassets in Resources */,
				E594D17D1F01324100A88B9F /* Main.storyboard in Resources */,
				E5B284F0201125E10081EC18 /* TwitterKitResources.bundle in Resources */,
				E58528AB23FAB28100E80300 /* countries.json in Resources */,
				E5B284F2201125E10081EC18 /* TwitterShareExtensionUIResources.bundle in Resources */,
			);
			runOnlyForDeploymentPostprocessing = 0;
		};
		E594D1891F01324100A88B9F /* Resources */ = {
			isa = PBXResourcesBuildPhase;
			buildActionMask = 2147483647;
			files = (
			);
			runOnlyForDeploymentPostprocessing = 0;
		};
		E594D1941F01324100A88B9F /* Resources */ = {
			isa = PBXResourcesBuildPhase;
			buildActionMask = 2147483647;
			files = (
			);
			runOnlyForDeploymentPostprocessing = 0;
		};
		E5AF6FF3201A3ED300A7D013 /* Resources */ = {
			isa = PBXResourcesBuildPhase;
			buildActionMask = 2147483647;
			files = (
				E5AF6FFC201A3ED300A7D013 /* MainInterface.storyboard in Resources */,
			);
			runOnlyForDeploymentPostprocessing = 0;
		};
/* End PBXResourcesBuildPhase section */

/* Begin PBXShellScriptBuildPhase section */
		58DF94545792E6AE851C0DA2 /* [CP] Embed Pods Frameworks */ = {
			isa = PBXShellScriptBuildPhase;
			buildActionMask = 12;
			files = (
			);
			inputPaths = (
				"${SRCROOT}/Pods/Target Support Files/Pods-coolAnimation/Pods-coolAnimation-frameworks.sh",
				"${BUILT_PRODUCTS_DIR}/Alamofire/Alamofire.framework",
				"${BUILT_PRODUCTS_DIR}/Bolts/Bolts.framework",
				"${BUILT_PRODUCTS_DIR}/FBSDKCoreKit/FBSDKCoreKit.framework",
				"${BUILT_PRODUCTS_DIR}/FBSDKLoginKit/FBSDKLoginKit.framework",
				"${BUILT_PRODUCTS_DIR}/FBSDKShareKit/FBSDKShareKit.framework",
				"${BUILT_PRODUCTS_DIR}/GTMSessionFetcher/GTMSessionFetcher.framework",
				"${BUILT_PRODUCTS_DIR}/GoogleToolboxForMac/GoogleToolboxForMac.framework",
				"${BUILT_PRODUCTS_DIR}/GoogleUtilities/GoogleUtilities.framework",
				"${BUILT_PRODUCTS_DIR}/Protobuf/Protobuf.framework",
				"${BUILT_PRODUCTS_DIR}/Stripe/Stripe.framework",
				"${BUILT_PRODUCTS_DIR}/leveldb-library/leveldb.framework",
				"${BUILT_PRODUCTS_DIR}/nanopb/nanopb.framework",
			);
			name = "[CP] Embed Pods Frameworks";
			outputPaths = (
				"${TARGET_BUILD_DIR}/${FRAMEWORKS_FOLDER_PATH}/Alamofire.framework",
				"${TARGET_BUILD_DIR}/${FRAMEWORKS_FOLDER_PATH}/Bolts.framework",
				"${TARGET_BUILD_DIR}/${FRAMEWORKS_FOLDER_PATH}/FBSDKCoreKit.framework",
				"${TARGET_BUILD_DIR}/${FRAMEWORKS_FOLDER_PATH}/FBSDKLoginKit.framework",
				"${TARGET_BUILD_DIR}/${FRAMEWORKS_FOLDER_PATH}/FBSDKShareKit.framework",
				"${TARGET_BUILD_DIR}/${FRAMEWORKS_FOLDER_PATH}/GTMSessionFetcher.framework",
				"${TARGET_BUILD_DIR}/${FRAMEWORKS_FOLDER_PATH}/GoogleToolboxForMac.framework",
				"${TARGET_BUILD_DIR}/${FRAMEWORKS_FOLDER_PATH}/GoogleUtilities.framework",
				"${TARGET_BUILD_DIR}/${FRAMEWORKS_FOLDER_PATH}/Protobuf.framework",
				"${TARGET_BUILD_DIR}/${FRAMEWORKS_FOLDER_PATH}/Stripe.framework",
				"${TARGET_BUILD_DIR}/${FRAMEWORKS_FOLDER_PATH}/leveldb.framework",
				"${TARGET_BUILD_DIR}/${FRAMEWORKS_FOLDER_PATH}/nanopb.framework",
			);
			runOnlyForDeploymentPostprocessing = 0;
			shellPath = /bin/sh;
			shellScript = "\"${SRCROOT}/Pods/Target Support Files/Pods-coolAnimation/Pods-coolAnimation-frameworks.sh\"\n";
			showEnvVarsInLog = 0;
		};
		79F9F15E69BE4F5EC13CBA34 /* [CP] Check Pods Manifest.lock */ = {
			isa = PBXShellScriptBuildPhase;
			buildActionMask = 2147483647;
			files = (
			);
			inputPaths = (
				"${PODS_PODFILE_DIR_PATH}/Podfile.lock",
				"${PODS_ROOT}/Manifest.lock",
			);
			name = "[CP] Check Pods Manifest.lock";
			outputPaths = (
				"$(DERIVED_FILE_DIR)/Pods-coolAnimation-checkManifestLockResult.txt",
			);
			runOnlyForDeploymentPostprocessing = 0;
			shellPath = /bin/sh;
			shellScript = "diff \"${PODS_PODFILE_DIR_PATH}/Podfile.lock\" \"${PODS_ROOT}/Manifest.lock\" > /dev/null\nif [ $? != 0 ] ; then\n    # print error to STDERR\n    echo \"error: The sandbox is not in sync with the Podfile.lock. Run 'pod install' or update your CocoaPods installation.\" >&2\n    exit 1\nfi\n# This output is used by Xcode 'outputs' to avoid re-running this script phase.\necho \"SUCCESS\" > \"${SCRIPT_OUTPUT_FILE_0}\"\n";
			showEnvVarsInLog = 0;
		};
		84FF5D2A0DE561D99E52650D /* [CP] Copy Pods Resources */ = {
			isa = PBXShellScriptBuildPhase;
			buildActionMask = 8;
			files = (
			);
			inputPaths = (
				"${SRCROOT}/Pods/Target Support Files/Pods-coolAnimation/Pods-coolAnimation-resources.sh",
				"${PODS_ROOT}/GoogleSignIn/Resources/GoogleSignIn.bundle",
			);
			name = "[CP] Copy Pods Resources";
			outputPaths = (
				"${TARGET_BUILD_DIR}/${UNLOCALIZED_RESOURCES_FOLDER_PATH}/GoogleSignIn.bundle",
			);
			runOnlyForDeploymentPostprocessing = 1;
			shellPath = /bin/sh;
			shellScript = "\"${SRCROOT}/Pods/Target Support Files/Pods-coolAnimation/Pods-coolAnimation-resources.sh\"\n";
			showEnvVarsInLog = 0;
		};
		E53259E51F13FAA9008BE35D /* ShellScript */ = {
			isa = PBXShellScriptBuildPhase;
			buildActionMask = 12;
			files = (
			);
			inputPaths = (
			);
			outputPaths = (
			);
			runOnlyForDeploymentPostprocessing = 0;
			shellPath = /bin/sh;
			shellScript = "\"${PODS_ROOT}/Fabric/run\" 4248cce482a31da02b89fee1047f0d891fba6296 ba03d379b3dd4dc421f4c53c21a29eb76a16d5a5ff09ea5a34a71230b0011c87";
		};
/* End PBXShellScriptBuildPhase section */

/* Begin PBXSourcesBuildPhase section */
		E594D1701F01324100A88B9F /* Sources */ = {
			isa = PBXSourcesBuildPhase;
			buildActionMask = 2147483647;
			files = (
				E58528A423FA931000E80300 /* GoogleSIgnUp.swift in Sources */,
				E594D17A1F01324100A88B9F /* TinderCtr.swift in Sources */,
				E58528A923FAB22100E80300 /* CountrySelector.swift in Sources */,
				E55A8D3F1F162933008C7375 /* CacheImage.swift in Sources */,
				E594D1AD1F01483500A88B9F /* ExpandAnimation.swift in Sources */,
				E5A214271F86048F00675C6E /* LocationCtr.swift in Sources */,
				E533E32D1F3DD5A60079DBE3 /* coolAnimation.xcdatamodeld in Sources */,
				E561E88D1F06855100ECC0C5 /* UserProfileCtr.swift in Sources */,
				E5B7B53F1F138D4400DA6BE1 /* User.swift in Sources */,
				E55C9EBE1F1CFD72005A09F7 /* MessageCollCell.swift in Sources */,
				E592A50D23F3025300311D4F /* ChatPageInfo.swift in Sources */,
				E592A50323F2FA7700311D4F /* ChooseWhichRegister.swift in Sources */,
				E536C5C81F13A67A002E4C3F /* RequestUsernameCtr.swift in Sources */,
				E592A51023F36B2000311D4F /* SearchContacts.swift in Sources */,
				E55A8D411F163006008C7375 /* SearchContactsCtr.swift in Sources */,
				E58528AD23FAB4C600E80300 /* ReadJSON.swift in Sources */,
				E575D1FC20220C78006C38F3 /* facebookFriendsPage.swift in Sources */,
				E5C3F7161F070225006FEB7F /* MainTab.swift in Sources */,
				E592A51423F36D8D00311D4F /* ProductSubmit.swift in Sources */,
				E50EAC2A2015C325005631D0 /* ChangeUserDataCtr.swift in Sources */,
				E58528A223FA8C3F00E80300 /* DownloadImage.swift in Sources */,
				E594D1A91F01342A00A88B9F /* PersonCollCell.swift in Sources */,
				E58528A023FA8A9400E80300 /* FirebaseUser.swift in Sources */,
				E50895B323F74CA800E03D88 /* UIViews.swift in Sources */,
				E5D77D4823F4688000554A9A /* ProductCollCell.swift in Sources */,
				E592A50523F2FB5D00311D4F /* LogInEmail.swift in Sources */,
				E5DD0682201A96D90022208D /* BlockedCtr.swift in Sources */,
				E594D1AB1F01472A00A88B9F /* CreateProductCtr.swift in Sources */,
				E59D0D511F82D6CF003FE730 /* ProductSubmitCtr.swift in Sources */,
				E57BD1F71F065C8400549B5D /* SignUpEmailCtr.swift in Sources */,
				E5DAF6031F89504F00A66486 /* pageTableCell.swift in Sources */,
				E53632241F1591A7001E3253 /* ChatPageCtr.swift in Sources */,
				E592A51723F36F3400311D4F /* ImagePickerCollView.swift in Sources */,
				E5B5CF7C20122365003603AB /* ChatPageInfoCtr.swift in Sources */,
				E5CEE0601F34A55D0067C7A2 /* LogInEmailCtr.swift in Sources */,
				E5A58C1F1F165730000F9C8F /* Reachability.swift in Sources */,
				E592A50723F2FC2400311D4F /* SignUpEmail.swift in Sources */,
				E5A214291F86DA2A00675C6E /* Product.swift in Sources */,
				E58528A723FAAB5E00E80300 /* ViewControllers.swift in Sources */,
				E592A50023F2F8AE00311D4F /* IntroductionPage.swift in Sources */,
				E50895B523F8719F00E03D88 /* Errors.swift in Sources */,
				E581243320178006000B47E2 /* ChooseWhichRegisterCtr.swift in Sources */,
				E52DD28E1F876E4E00B9905A /* ProductPresentCtr.swift in Sources */,
				E5DAF6011F894CEA00A66486 /* MyFavouritProductsCtr.swift in Sources */,
				E594D1781F01324100A88B9F /* AppDelegate.swift in Sources */,
				E5BCA20B201133CF0068C122 /* IntroductionPageCtr.swift in Sources */,
				E52220701F177E770077CE92 /* Messages.swift in Sources */,
				E5DADEC51F8A624F00ECAE28 /* MyFavProductCtr.swift in Sources */,
			);
			runOnlyForDeploymentPostprocessing = 0;
		};
		E594D1871F01324100A88B9F /* Sources */ = {
			isa = PBXSourcesBuildPhase;
			buildActionMask = 2147483647;
			files = (
				E594D1901F01324100A88B9F /* coolAnimationTests.swift in Sources */,
			);
			runOnlyForDeploymentPostprocessing = 0;
		};
		E594D1921F01324100A88B9F /* Sources */ = {
			isa = PBXSourcesBuildPhase;
			buildActionMask = 2147483647;
			files = (
				E594D19B1F01324100A88B9F /* coolAnimationUITests.swift in Sources */,
			);
			runOnlyForDeploymentPostprocessing = 0;
		};
		E5AF6FF1201A3ED300A7D013 /* Sources */ = {
			isa = PBXSourcesBuildPhase;
			buildActionMask = 2147483647;
			files = (
				E5AF6FF9201A3ED300A7D013 /* TodayViewController.swift in Sources */,
			);
			runOnlyForDeploymentPostprocessing = 0;
		};
/* End PBXSourcesBuildPhase section */

/* Begin PBXTargetDependency section */
		E594D18D1F01324100A88B9F /* PBXTargetDependency */ = {
			isa = PBXTargetDependency;
			target = E594D1731F01324100A88B9F /* coolAnimation */;
			targetProxy = E594D18C1F01324100A88B9F /* PBXContainerItemProxy */;
		};
		E594D1981F01324100A88B9F /* PBXTargetDependency */ = {
			isa = PBXTargetDependency;
			target = E594D1731F01324100A88B9F /* coolAnimation */;
			targetProxy = E594D1971F01324100A88B9F /* PBXContainerItemProxy */;
		};
		E5AF6FFF201A3ED300A7D013 /* PBXTargetDependency */ = {
			isa = PBXTargetDependency;
			target = E5AF6FF4201A3ED300A7D013 /* coolAniWidget */;
			targetProxy = E5AF6FFE201A3ED300A7D013 /* PBXContainerItemProxy */;
		};
/* End PBXTargetDependency section */

/* Begin PBXVariantGroup section */
		E594D17B1F01324100A88B9F /* Main.storyboard */ = {
			isa = PBXVariantGroup;
			children = (
				E594D17C1F01324100A88B9F /* Base */,
			);
			name = Main.storyboard;
			sourceTree = "<group>";
		};
		E594D1831F01324100A88B9F /* LaunchScreen.storyboard */ = {
			isa = PBXVariantGroup;
			children = (
				E594D1841F01324100A88B9F /* Base */,
			);
			name = LaunchScreen.storyboard;
			sourceTree = "<group>";
		};
		E5AF6FFA201A3ED300A7D013 /* MainInterface.storyboard */ = {
			isa = PBXVariantGroup;
			children = (
				E5AF6FFB201A3ED300A7D013 /* Base */,
			);
			name = MainInterface.storyboard;
			sourceTree = "<group>";
		};
/* End PBXVariantGroup section */

/* Begin XCBuildConfiguration section */
		E594D19D1F01324100A88B9F /* Debug */ = {
			isa = XCBuildConfiguration;
			buildSettings = {
				ALWAYS_SEARCH_USER_PATHS = NO;
				CLANG_ALLOW_NON_MODULAR_INCLUDES_IN_FRAMEWORK_MODULES = YES;
				CLANG_ANALYZER_NONNULL = YES;
				CLANG_ANALYZER_NUMBER_OBJECT_CONVERSION = YES_AGGRESSIVE;
				CLANG_CXX_LANGUAGE_STANDARD = "gnu++0x";
				CLANG_CXX_LIBRARY = "libc++";
				CLANG_ENABLE_MODULES = YES;
				CLANG_ENABLE_OBJC_ARC = YES;
				CLANG_WARN_BLOCK_CAPTURE_AUTORELEASING = YES;
				CLANG_WARN_BOOL_CONVERSION = YES;
				CLANG_WARN_COMMA = YES;
				CLANG_WARN_CONSTANT_CONVERSION = YES;
				CLANG_WARN_DIRECT_OBJC_ISA_USAGE = YES_ERROR;
				CLANG_WARN_DOCUMENTATION_COMMENTS = YES;
				CLANG_WARN_EMPTY_BODY = YES;
				CLANG_WARN_ENUM_CONVERSION = YES;
				CLANG_WARN_INFINITE_RECURSION = YES;
				CLANG_WARN_INT_CONVERSION = YES;
				CLANG_WARN_NON_LITERAL_NULL_CONVERSION = YES;
				CLANG_WARN_OBJC_LITERAL_CONVERSION = YES;
				CLANG_WARN_OBJC_ROOT_CLASS = YES_ERROR;
				CLANG_WARN_RANGE_LOOP_ANALYSIS = YES;
				CLANG_WARN_STRICT_PROTOTYPES = YES;
				CLANG_WARN_SUSPICIOUS_MOVE = YES;
				CLANG_WARN_UNREACHABLE_CODE = YES;
				CLANG_WARN__DUPLICATE_METHOD_MATCH = YES;
				CODE_SIGN_IDENTITY = "iPhone Developer";
				"CODE_SIGN_IDENTITY[sdk=iphoneos*]" = "iPhone Developer";
				COPY_PHASE_STRIP = NO;
				DEBUG_INFORMATION_FORMAT = "dwarf-with-dsym";
				ENABLE_BITCODE = YES;
				ENABLE_STRICT_OBJC_MSGSEND = YES;
				ENABLE_TESTABILITY = YES;
				GCC_C_LANGUAGE_STANDARD = gnu99;
				GCC_DYNAMIC_NO_PIC = NO;
				GCC_NO_COMMON_BLOCKS = YES;
				GCC_OPTIMIZATION_LEVEL = 0;
				GCC_PREPROCESSOR_DEFINITIONS = (
					"DEBUG=1",
					"$(inherited)",
				);
				GCC_WARN_64_TO_32_BIT_CONVERSION = YES;
				GCC_WARN_ABOUT_RETURN_TYPE = YES_ERROR;
				GCC_WARN_UNDECLARED_SELECTOR = YES;
				GCC_WARN_UNINITIALIZED_AUTOS = YES_AGGRESSIVE;
				GCC_WARN_UNUSED_FUNCTION = YES;
				GCC_WARN_UNUSED_VARIABLE = YES;
				IPHONEOS_DEPLOYMENT_TARGET = 11.0;
				MTL_ENABLE_DEBUG_INFO = YES;
				ONLY_ACTIVE_ARCH = YES;
				SDKROOT = iphoneos;
				SWIFT_ACTIVE_COMPILATION_CONDITIONS = DEBUG;
				SWIFT_OPTIMIZATION_LEVEL = "-Onone";
			};
			name = Debug;
		};
		E594D19E1F01324100A88B9F /* Release */ = {
			isa = XCBuildConfiguration;
			buildSettings = {
				ALWAYS_SEARCH_USER_PATHS = NO;
				CLANG_ALLOW_NON_MODULAR_INCLUDES_IN_FRAMEWORK_MODULES = YES;
				CLANG_ANALYZER_NONNULL = YES;
				CLANG_ANALYZER_NUMBER_OBJECT_CONVERSION = YES_AGGRESSIVE;
				CLANG_CXX_LANGUAGE_STANDARD = "gnu++0x";
				CLANG_CXX_LIBRARY = "libc++";
				CLANG_ENABLE_MODULES = YES;
				CLANG_ENABLE_OBJC_ARC = YES;
				CLANG_WARN_BLOCK_CAPTURE_AUTORELEASING = YES;
				CLANG_WARN_BOOL_CONVERSION = YES;
				CLANG_WARN_COMMA = YES;
				CLANG_WARN_CONSTANT_CONVERSION = YES;
				CLANG_WARN_DIRECT_OBJC_ISA_USAGE = YES_ERROR;
				CLANG_WARN_DOCUMENTATION_COMMENTS = YES;
				CLANG_WARN_EMPTY_BODY = YES;
				CLANG_WARN_ENUM_CONVERSION = YES;
				CLANG_WARN_INFINITE_RECURSION = YES;
				CLANG_WARN_INT_CONVERSION = YES;
				CLANG_WARN_NON_LITERAL_NULL_CONVERSION = YES;
				CLANG_WARN_OBJC_LITERAL_CONVERSION = YES;
				CLANG_WARN_OBJC_ROOT_CLASS = YES_ERROR;
				CLANG_WARN_RANGE_LOOP_ANALYSIS = YES;
				CLANG_WARN_STRICT_PROTOTYPES = YES;
				CLANG_WARN_SUSPICIOUS_MOVE = YES;
				CLANG_WARN_UNREACHABLE_CODE = YES;
				CLANG_WARN__DUPLICATE_METHOD_MATCH = YES;
				CODE_SIGN_IDENTITY = "iPhone Developer";
				"CODE_SIGN_IDENTITY[sdk=iphoneos*]" = "iPhone Developer";
				COPY_PHASE_STRIP = NO;
				DEBUG_INFORMATION_FORMAT = "dwarf-with-dsym";
				ENABLE_BITCODE = YES;
				ENABLE_NS_ASSERTIONS = NO;
				ENABLE_STRICT_OBJC_MSGSEND = YES;
				GCC_C_LANGUAGE_STANDARD = gnu99;
				GCC_NO_COMMON_BLOCKS = YES;
				GCC_WARN_64_TO_32_BIT_CONVERSION = YES;
				GCC_WARN_ABOUT_RETURN_TYPE = YES_ERROR;
				GCC_WARN_UNDECLARED_SELECTOR = YES;
				GCC_WARN_UNINITIALIZED_AUTOS = YES_AGGRESSIVE;
				GCC_WARN_UNUSED_FUNCTION = YES;
				GCC_WARN_UNUSED_VARIABLE = YES;
				IPHONEOS_DEPLOYMENT_TARGET = 11.0;
				MTL_ENABLE_DEBUG_INFO = NO;
				SDKROOT = iphoneos;
				SWIFT_OPTIMIZATION_LEVEL = "-Owholemodule";
				VALIDATE_PRODUCT = YES;
			};
			name = Release;
		};
		E594D1A01F01324100A88B9F /* Debug */ = {
			isa = XCBuildConfiguration;
			baseConfigurationReference = C0A49FD8815A480EB9F89CB7 /* Pods-coolAnimation.debug.xcconfig */;
			buildSettings = {
				ALWAYS_EMBED_SWIFT_STANDARD_LIBRARIES = YES;
				ASSETCATALOG_COMPILER_APPICON_NAME = AppIcon;
				CLANG_ALLOW_NON_MODULAR_INCLUDES_IN_FRAMEWORK_MODULES = YES;
				CODE_SIGN_ENTITLEMENTS = coolAnimation/bestApp.entitlements;
				"CODE_SIGN_IDENTITY[sdk=iphoneos*]" = "iPhone Developer";
				CODE_SIGN_STYLE = Automatic;
				DEBUG_INFORMATION_FORMAT = "dwarf-with-dsym";
				DEVELOPMENT_TEAM = KT8F743HP3;
				ENABLE_BITCODE = YES;
				FRAMEWORK_SEARCH_PATHS = (
					"$(inherited)",
					"\"${PODS_ROOT}/FirebaseAnalytics/Frameworks/frameworks\"",
					"\"${PODS_ROOT}/FirebaseAuth/Frameworks/frameworks\"",
					"\"${PODS_ROOT}/FirebaseCore/Frameworks\"",
					"\"${PODS_ROOT}/FirebaseDatabase/Frameworks\"",
					"\"${PODS_ROOT}/FirebaseInstanceID/Frameworks/frameworks\"",
					"\"${PODS_ROOT}/FirebaseStorage/Frameworks/frameworks\"",
					"\"${PODS_ROOT}/GoogleAppUtilities/Frameworks/frameworks\"",
					"\"${PODS_ROOT}/GoogleInterchangeUtilities/Frameworks/frameworks\"",
					"\"${PODS_ROOT}/GoogleSignIn/Frameworks\"",
					"\"${PODS_ROOT}/GoogleSymbolUtilities/Frameworks/frameworks\"",
					"$(PROJECT_DIR)/coolAnimation",
					"$(PROJECT_DIR)/coolAnimation/someFrameworks",
				);
				INFOPLIST_FILE = coolAnimation/Info.plist;
				IPHONEOS_DEPLOYMENT_TARGET = 10;
				LD_RUNPATH_SEARCH_PATHS = "$(inherited) @executable_path/Frameworks";
				LIBRARY_SEARCH_PATHS = (
					"$(inherited)",
					"$(PROJECT_DIR)/build/Debug-iphoneos",
					"$(PROJECT_DIR)/build/Debug-iphoneos/GoogleToolboxForMac",
					"$(PROJECT_DIR)/build/Debug-iphoneos/GTMOAuth2",
					"$(PROJECT_DIR)/build/Debug-iphoneos/GTMSessionFetcher",
				);
				PRODUCT_BUNDLE_IDENTIFIER = com.AmzaAndrew123.coolAnimation;
				PRODUCT_NAME = bestApp;
				PROVISIONING_PROFILE_SPECIFIER = "";
				SDKROOT = iphoneos;
				SWIFT_OBJC_BRIDGING_HEADER = coolAnimation/Header2.h;
				SWIFT_VERSION = 4.0;
			};
			name = Debug;
		};
		E594D1A11F01324100A88B9F /* Release */ = {
			isa = XCBuildConfiguration;
			baseConfigurationReference = 70F12307EBE8D5E825B357E2 /* Pods-coolAnimation.release.xcconfig */;
			buildSettings = {
				ALWAYS_EMBED_SWIFT_STANDARD_LIBRARIES = YES;
				ASSETCATALOG_COMPILER_APPICON_NAME = AppIcon;
				CLANG_ALLOW_NON_MODULAR_INCLUDES_IN_FRAMEWORK_MODULES = YES;
				CODE_SIGN_ENTITLEMENTS = coolAnimation/bestApp.entitlements;
				"CODE_SIGN_IDENTITY[sdk=iphoneos*]" = "iPhone Developer";
				CODE_SIGN_STYLE = Automatic;
				DEBUG_INFORMATION_FORMAT = "dwarf-with-dsym";
				DEVELOPMENT_TEAM = KT8F743HP3;
				ENABLE_BITCODE = YES;
				FRAMEWORK_SEARCH_PATHS = (
					"$(inherited)",
					"\"${PODS_ROOT}/FirebaseAnalytics/Frameworks/frameworks\"",
					"\"${PODS_ROOT}/FirebaseAuth/Frameworks/frameworks\"",
					"\"${PODS_ROOT}/FirebaseCore/Frameworks\"",
					"\"${PODS_ROOT}/FirebaseDatabase/Frameworks\"",
					"\"${PODS_ROOT}/FirebaseInstanceID/Frameworks/frameworks\"",
					"\"${PODS_ROOT}/FirebaseStorage/Frameworks/frameworks\"",
					"\"${PODS_ROOT}/GoogleAppUtilities/Frameworks/frameworks\"",
					"\"${PODS_ROOT}/GoogleInterchangeUtilities/Frameworks/frameworks\"",
					"\"${PODS_ROOT}/GoogleSignIn/Frameworks\"",
					"\"${PODS_ROOT}/GoogleSymbolUtilities/Frameworks/frameworks\"",
					"$(PROJECT_DIR)/coolAnimation",
					"$(PROJECT_DIR)/coolAnimation/someFrameworks",
				);
				INFOPLIST_FILE = coolAnimation/Info.plist;
				IPHONEOS_DEPLOYMENT_TARGET = 10;
				LD_RUNPATH_SEARCH_PATHS = "$(inherited) @executable_path/Frameworks";
				LIBRARY_SEARCH_PATHS = (
					"$(inherited)",
					"$(PROJECT_DIR)/build/Debug-iphoneos",
					"$(PROJECT_DIR)/build/Debug-iphoneos/GoogleToolboxForMac",
					"$(PROJECT_DIR)/build/Debug-iphoneos/GTMOAuth2",
					"$(PROJECT_DIR)/build/Debug-iphoneos/GTMSessionFetcher",
				);
				PRODUCT_BUNDLE_IDENTIFIER = com.AmzaAndrew123.coolAnimation;
				PRODUCT_NAME = bestApp;
				PROVISIONING_PROFILE_SPECIFIER = "";
				SDKROOT = iphoneos;
				SWIFT_OBJC_BRIDGING_HEADER = coolAnimation/Header2.h;
				SWIFT_VERSION = 4.0;
			};
			name = Release;
		};
		E594D1A31F01324100A88B9F /* Debug */ = {
			isa = XCBuildConfiguration;
			buildSettings = {
				ALWAYS_EMBED_SWIFT_STANDARD_LIBRARIES = YES;
				BUNDLE_LOADER = "$(TEST_HOST)";
				DEVELOPMENT_TEAM = WF8TUJV66R;
				INFOPLIST_FILE = coolAnimationTests/Info.plist;
				LD_RUNPATH_SEARCH_PATHS = "$(inherited) @executable_path/Frameworks @loader_path/Frameworks";
				PRODUCT_BUNDLE_IDENTIFIER = com.AmzaAndrew123.coolAnimationTests;
				PRODUCT_NAME = "$(TARGET_NAME)";
				SWIFT_VERSION = 4.0;
				TEST_HOST = "$(BUILT_PRODUCTS_DIR)/bestApp.app/bestApp";
			};
			name = Debug;
		};
		E594D1A41F01324100A88B9F /* Release */ = {
			isa = XCBuildConfiguration;
			buildSettings = {
				ALWAYS_EMBED_SWIFT_STANDARD_LIBRARIES = YES;
				BUNDLE_LOADER = "$(TEST_HOST)";
				DEVELOPMENT_TEAM = WF8TUJV66R;
				INFOPLIST_FILE = coolAnimationTests/Info.plist;
				LD_RUNPATH_SEARCH_PATHS = "$(inherited) @executable_path/Frameworks @loader_path/Frameworks";
				PRODUCT_BUNDLE_IDENTIFIER = com.AmzaAndrew123.coolAnimationTests;
				PRODUCT_NAME = "$(TARGET_NAME)";
				SWIFT_VERSION = 4.0;
				TEST_HOST = "$(BUILT_PRODUCTS_DIR)/bestApp.app/bestApp";
			};
			name = Release;
		};
		E594D1A61F01324100A88B9F /* Debug */ = {
			isa = XCBuildConfiguration;
			buildSettings = {
				ALWAYS_EMBED_SWIFT_STANDARD_LIBRARIES = YES;
				DEVELOPMENT_TEAM = WF8TUJV66R;
				INFOPLIST_FILE = coolAnimationUITests/Info.plist;
				LD_RUNPATH_SEARCH_PATHS = "$(inherited) @executable_path/Frameworks @loader_path/Frameworks";
				PRODUCT_BUNDLE_IDENTIFIER = com.AmzaAndrew123.coolAnimationUITests;
				PRODUCT_NAME = "$(TARGET_NAME)";
				SWIFT_VERSION = 4.0;
				TEST_TARGET_NAME = coolAnimation;
			};
			name = Debug;
		};
		E594D1A71F01324100A88B9F /* Release */ = {
			isa = XCBuildConfiguration;
			buildSettings = {
				ALWAYS_EMBED_SWIFT_STANDARD_LIBRARIES = YES;
				DEVELOPMENT_TEAM = WF8TUJV66R;
				INFOPLIST_FILE = coolAnimationUITests/Info.plist;
				LD_RUNPATH_SEARCH_PATHS = "$(inherited) @executable_path/Frameworks @loader_path/Frameworks";
				PRODUCT_BUNDLE_IDENTIFIER = com.AmzaAndrew123.coolAnimationUITests;
				PRODUCT_NAME = "$(TARGET_NAME)";
				SWIFT_VERSION = 4.0;
				TEST_TARGET_NAME = coolAnimation;
			};
			name = Release;
		};
		E5AF7002201A3ED300A7D013 /* Debug */ = {
			isa = XCBuildConfiguration;
			buildSettings = {
				CLANG_CXX_LANGUAGE_STANDARD = "gnu++14";
				CLANG_WARN_UNGUARDED_AVAILABILITY = YES_AGGRESSIVE;
				CODE_SIGN_STYLE = Automatic;
				DEBUG_INFORMATION_FORMAT = dwarf;
				DEVELOPMENT_TEAM = WF8TUJV66R;
				GCC_C_LANGUAGE_STANDARD = gnu11;
				INFOPLIST_FILE = coolAniWidget/Info.plist;
				IPHONEOS_DEPLOYMENT_TARGET = 10;
				LD_RUNPATH_SEARCH_PATHS = "$(inherited) @executable_path/Frameworks @executable_path/../../Frameworks";
				PRODUCT_BUNDLE_IDENTIFIER = com.AmzaAndrew123.coolAnimation.coolAniWidget;
				PRODUCT_NAME = "$(TARGET_NAME)";
				SKIP_INSTALL = YES;
				SWIFT_VERSION = 4.0;
				TARGETED_DEVICE_FAMILY = "1,2";
			};
			name = Debug;
		};
		E5AF7003201A3ED300A7D013 /* Release */ = {
			isa = XCBuildConfiguration;
			buildSettings = {
				CLANG_CXX_LANGUAGE_STANDARD = "gnu++14";
				CLANG_WARN_UNGUARDED_AVAILABILITY = YES_AGGRESSIVE;
				CODE_SIGN_STYLE = Automatic;
				DEVELOPMENT_TEAM = WF8TUJV66R;
				GCC_C_LANGUAGE_STANDARD = gnu11;
				INFOPLIST_FILE = coolAniWidget/Info.plist;
				IPHONEOS_DEPLOYMENT_TARGET = 10;
				LD_RUNPATH_SEARCH_PATHS = "$(inherited) @executable_path/Frameworks @executable_path/../../Frameworks";
				PRODUCT_BUNDLE_IDENTIFIER = com.AmzaAndrew123.coolAnimation.coolAniWidget;
				PRODUCT_NAME = "$(TARGET_NAME)";
				SKIP_INSTALL = YES;
				SWIFT_VERSION = 4.0;
				TARGETED_DEVICE_FAMILY = "1,2";
			};
			name = Release;
		};
/* End XCBuildConfiguration section */

/* Begin XCConfigurationList section */
		E594D16F1F01324100A88B9F /* Build configuration list for PBXProject "coolAnimation" */ = {
			isa = XCConfigurationList;
			buildConfigurations = (
				E594D19D1F01324100A88B9F /* Debug */,
				E594D19E1F01324100A88B9F /* Release */,
			);
			defaultConfigurationIsVisible = 0;
			defaultConfigurationName = Release;
		};
		E594D19F1F01324100A88B9F /* Build configuration list for PBXNativeTarget "coolAnimation" */ = {
			isa = XCConfigurationList;
			buildConfigurations = (
				E594D1A01F01324100A88B9F /* Debug */,
				E594D1A11F01324100A88B9F /* Release */,
			);
			defaultConfigurationIsVisible = 0;
			defaultConfigurationName = Release;
		};
		E594D1A21F01324100A88B9F /* Build configuration list for PBXNativeTarget "coolAnimationTests" */ = {
			isa = XCConfigurationList;
			buildConfigurations = (
				E594D1A31F01324100A88B9F /* Debug */,
				E594D1A41F01324100A88B9F /* Release */,
			);
			defaultConfigurationIsVisible = 0;
			defaultConfigurationName = Release;
		};
		E594D1A51F01324100A88B9F /* Build configuration list for PBXNativeTarget "coolAnimationUITests" */ = {
			isa = XCConfigurationList;
			buildConfigurations = (
				E594D1A61F01324100A88B9F /* Debug */,
				E594D1A71F01324100A88B9F /* Release */,
			);
			defaultConfigurationIsVisible = 0;
			defaultConfigurationName = Release;
		};
		E5AF7001201A3ED300A7D013 /* Build configuration list for PBXNativeTarget "coolAniWidget" */ = {
			isa = XCConfigurationList;
			buildConfigurations = (
				E5AF7002201A3ED300A7D013 /* Debug */,
				E5AF7003201A3ED300A7D013 /* Release */,
			);
			defaultConfigurationIsVisible = 0;
			defaultConfigurationName = Release;
		};
/* End XCConfigurationList section */

/* Begin XCVersionGroup section */
		E533E32B1F3DD5A60079DBE3 /* coolAnimation.xcdatamodeld */ = {
			isa = XCVersionGroup;
			children = (
				E533E32C1F3DD5A60079DBE3 /* coolAnimation.xcdatamodel */,
			);
			currentVersion = E533E32C1F3DD5A60079DBE3 /* coolAnimation.xcdatamodel */;
			path = coolAnimation.xcdatamodeld;
			sourceTree = "<group>";
			versionGroupType = wrapper.xcdatamodel;
		};
/* End XCVersionGroup section */
	};
	rootObject = E594D16C1F01324100A88B9F /* Project object */;
}
